
Microsoft Visual Studio Solution File, Format Version 12.00
# Visual Studio Version 17
VisualStudioVersion = 17.0.31903.59
MinimumVisualStudioVersion = 10.0.40219.1
Project("{FAE04EC0-301F-11D3-BF4B-00C04F79EFBC}") = "ServiceWorker", "ServiceWorker\ServiceWorker.csproj", "{1A8CDE9F-2723-42D4-965A-4D3A504F8A7F}"
EndProject
Project("{FAE04EC0-301F-11D3-BF4B-00C04F79EFBC}") = "ServiceWorker.Test", "ServiceWorker.Test\ServiceWorker.Test.csproj", "{213737B5-BB9A-416A-BDA5-258CBB32838D}"
EndProject
Global
	GlobalSection(SolutionConfigurationPlatforms) = preSolution
		Debug|Any CPU = Debug|Any CPU
		Release|Any CPU = Release|Any CPU
	EndGlobalSection
	GlobalSection(SolutionProperties) = preSolution
		HideSolutionNode = FALSE
	EndGlobalSection
	GlobalSection(ProjectConfigurationPlatforms) = postSolution
		{1A8CDE9F-2723-42D4-965A-4D3A504F8A7F}.Debug|Any CPU.ActiveCfg = Debug|Any CPU
		{1A8CDE9F-2723-42D4-965A-4D3A504F8A7F}.Debug|Any CPU.Build.0 = Debug|Any CPU
		{1A8CDE9F-2723-42D4-965A-4D3A504F8A7F}.Release|Any CPU.ActiveCfg = Release|Any CPU
		{1A8CDE9F-2723-42D4-965A-4D3A504F8A7F}.Release|Any CPU.Build.0 = Release|Any CPU
		{213737B5-BB9A-416A-BDA5-258CBB32838D}.Debug|Any CPU.ActiveCfg = Debug|Any CPU
		{213737B5-BB9A-416A-BDA5-258CBB32838D}.Debug|Any CPU.Build.0 = Debug|Any CPU
		{213737B5-BB9A-416A-BDA5-258CBB32838D}.Release|Any CPU.ActiveCfg = Release|Any CPU
		{213737B5-BB9A-416A-BDA5-258CBB32838D}.Release|Any CPU.Build.0 = Release|Any CPU
	EndGlobalSection
EndGlobal
